<?xml version="1.0" encoding="utf-8"?>
<Project ToolsVersion="4.0" xmlns="http://schemas.microsoft.com/developer/msbuild/2003">
  <ItemGroup>
    <Filter Include="Quelldateien">
      <UniqueIdentifier>{4FC737F1-C7A5-4376-A066-2A32D752A2FF}</UniqueIdentifier>
      <Extensions>cpp;c;cc;cxx;def;odl;idl;hpj;bat;asm;asmx</Extensions>
    </Filter>
    <Filter Include="Headerdateien">
      <UniqueIdentifier>{93995380-89BD-4b04-88EB-625FBE52EBFB}</UniqueIdentifier>
      <Extensions>h;hh;hpp;hxx;hm;inl;inc;xsd</Extensions>
    </Filter>
    <Filter Include="Ressourcendateien">
      <UniqueIdentifier>{67DA6AB6-F800-4c08-8B7A-83BB121AAD01}</UniqueIdentifier>
      <Extensions>rc;ico;cur;bmp;dlg;rc2;rct;bin;rgs;gif;jpg;jpeg;jpe;resx;tiff;tif;png;wav;mfcribbon-ms</Extensions>
    </Filter>
    <Filter Include="Headerdateien\ErrorHandling">
      <UniqueIdentifier>{1ddf7a24-39ba-4e9e-8f7b-d12bfc26b213}</UniqueIdentifier>
    </Filter>
    <Filter Include="Quelldateien\ErrorHandling">
      <UniqueIdentifier>{93464960-7117-422b-b71f-3a735fd67495}</UniqueIdentifier>
    </Filter>
    <Filter Include="Headerdateien\Serialize">
      <UniqueIdentifier>{a00e8ae9-46cf-4a04-b833-f2418ece0463}</UniqueIdentifier>
    </Filter>
    <Filter Include="Quelldateien\Serialize">
      <UniqueIdentifier>{0ced8a02-c653-4547-94a5-2c4c5531c9cb}</UniqueIdentifier>
    </Filter>
    <Filter Include="external">
      <UniqueIdentifier>{4598a9ff-0e2f-4691-9755-71a379a2078b}</UniqueIdentifier>
    </Filter>
    <Filter Include="external\json">
      <UniqueIdentifier>{4f75cebf-30fa-4032-beb2-0ba0fe15a418}</UniqueIdentifier>
    </Filter>
    <Filter Include="external\sqlite3">
      <UniqueIdentifier>{9e5d053d-3ba0-4f9c-a515-3153f64668e1}</UniqueIdentifier>
    </Filter>
    <Filter Include="external\lua">
      <UniqueIdentifier>{afdb39b9-3218-47a5-aef9-36137ee0273d}</UniqueIdentifier>
    </Filter>
    <Filter Include="Headerdateien\Scripting">
      <UniqueIdentifier>{faeadb75-6722-484c-a81e-5cdb48deb831}</UniqueIdentifier>
    </Filter>
    <Filter Include="Quelldateien\Scripting">
      <UniqueIdentifier>{f1481d7a-e005-422c-a1f3-92f24f6ede95}</UniqueIdentifier>
    </Filter>
    <Filter Include="Headerdateien\Plugin">
      <UniqueIdentifier>{0c956b32-2516-43a0-a8f1-d1a5176730bc}</UniqueIdentifier>
    </Filter>
    <Filter Include="Quelldateien\Plugin">
      <UniqueIdentifier>{173509ed-68ec-4aba-86a2-11124a641cad}</UniqueIdentifier>
    </Filter>
    <Filter Include="Headerdateien\VFS">
      <UniqueIdentifier>{f27723cd-152e-46c9-8dd0-09922c717a48}</UniqueIdentifier>
    </Filter>
    <Filter Include="Quelldateien\VFS">
      <UniqueIdentifier>{5fc0cd98-a1e2-4f81-b753-9660f33f3159}</UniqueIdentifier>
    </Filter>
    <Filter Include="Headerdateien\VFS\VFSVFSProvider">
      <UniqueIdentifier>{2993c30d-aa6d-43b0-aa66-3083ae91338a}</UniqueIdentifier>
    </Filter>
    <Filter Include="Quelldateien\VFS\VFSVFSProvider">
      <UniqueIdentifier>{5af02360-cb24-4431-a372-f9d0be5af127}</UniqueIdentifier>
    </Filter>
    <Filter Include="Headerdateien\VFS\OSVFSProvider">
      <UniqueIdentifier>{3d1914f8-e142-4282-a56c-274ef2a37f67}</UniqueIdentifier>
    </Filter>
    <Filter Include="Quelldateien\VFS\OSVFSProvider">
      <UniqueIdentifier>{1648d68f-ac04-4569-a492-fcf634b4d969}</UniqueIdentifier>
    </Filter>
    <Filter Include="Headerdateien\Logging">
      <UniqueIdentifier>{680dd71b-727f-45f6-8dbf-70b2badb5a51}</UniqueIdentifier>
    </Filter>
    <Filter Include="Quelldateien\Logging">
      <UniqueIdentifier>{6381943f-b462-4336-af9f-3e76795c8921}</UniqueIdentifier>
    </Filter>
    <Filter Include="Headerdateien\Database">
      <UniqueIdentifier>{b261a4c1-0844-441f-9cb7-af11a59ce270}</UniqueIdentifier>
    </Filter>
    <Filter Include="Quelldateien\Database">
      <UniqueIdentifier>{79b5b386-70a3-4a5a-bda6-6da893cc6244}</UniqueIdentifier>
    </Filter>
    <Filter Include="Quelldateien\Database\Sqlite3">
      <UniqueIdentifier>{ed1dd33e-c4e8-4b26-ae07-582e25b306c9}</UniqueIdentifier>
    </Filter>
    <Filter Include="Headerdateien\Database\Sqlite3">
      <UniqueIdentifier>{3699b95b-5d73-400e-b8cd-aecefd67d1a6}</UniqueIdentifier>
    </Filter>
    <Filter Include="Headerdateien\Hash">
      <UniqueIdentifier>{e10a562e-6d37-43ab-8bb3-eef83c18ed31}</UniqueIdentifier>
    </Filter>
    <Filter Include="Quelldateien\Hash">
      <UniqueIdentifier>{446b34e6-6d86-47c5-912f-025fb58850f4}</UniqueIdentifier>
    </Filter>
    <Filter Include="Headerdateien\Net">
      <UniqueIdentifier>{5ae7e871-fe6e-4487-bfeb-3a7e56455184}</UniqueIdentifier>
    </Filter>
    <Filter Include="Quelldateien\Net">
      <UniqueIdentifier>{690d86fc-9fb9-46d1-8da9-dbec3a2cdf06}</UniqueIdentifier>
    </Filter>
  </ItemGroup>
  <ItemGroup>
    <ClInclude Include="DllExport.h">
      <Filter>Headerdateien</Filter>
    </ClInclude>
    <ClInclude Include="Finally.h">
      <Filter>Headerdateien</Filter>
    </ClInclude>
    <ClInclude Include="NonCopyable.h">
      <Filter>Headerdateien</Filter>
    </ClInclude>
    <ClInclude Include="TypeInfo.h">
      <Filter>Headerdateien</Filter>
    </ClInclude>
    <ClInclude Include="ValueConverter.h">
      <Filter>Headerdateien</Filter>
    </ClInclude>
    <ClInclude Include="ConvertException.h">
      <Filter>Headerdateien\ErrorHandling</Filter>
    </ClInclude>
    <ClInclude Include="RuntimeException.h">
      <Filter>Headerdateien\ErrorHandling</Filter>
    </ClInclude>
    <ClInclude Include="BasicException.h">
      <Filter>Headerdateien\ErrorHandling</Filter>
    </ClInclude>
    <ClInclude Include="Backtrace.h">
      <Filter>Headerdateien\ErrorHandling</Filter>
    </ClInclude>
    <ClInclude Include="AnyValue.h">
      <Filter>Headerdateien</Filter>
    </ClInclude>
    <ClInclude Include="Bundle.h">
      <Filter>Headerdateien</Filter>
    </ClInclude>
    <ClInclude Include="Serialize\Serializable.h">
      <Filter>Headerdateien\Serialize</Filter>
    </ClInclude>
    <ClInclude Include="VarArgs.h">
      <Filter>Headerdateien</Filter>
    </ClInclude>
    <ClInclude Include="AnyArray.h">
      <Filter>Headerdateien</Filter>
    </ClInclude>
    <ClInclude Include="LINQ.h">
      <Filter>Headerdateien</Filter>
    </ClInclude>
    <ClInclude Include="Base64.h">
      <Filter>Headerdateien</Filter>
    </ClInclude>
    <ClInclude Include="Base64URL.h">
      <Filter>Headerdateien</Filter>
    </ClInclude>
    <ClInclude Include="BundleFilter.h">
      <Filter>Headerdateien</Filter>
    </ClInclude>
    <ClInclude Include="StringAlgorithm.h">
      <Filter>Headerdateien</Filter>
    </ClInclude>
    <ClInclude Include="DynLib.h">
      <Filter>Headerdateien</Filter>
    </ClInclude>
    <ClInclude Include="Event.h">
      <Filter>Headerdateien</Filter>
    </ClInclude>
    <ClInclude Include="PerformanceCheck.h">
      <Filter>Headerdateien</Filter>
    </ClInclude>
    <ClInclude Include="Serialize\Serializer.h">
      <Filter>Headerdateien\Serialize</Filter>
    </ClInclude>
    <ClInclude Include="BufferWriter.h">
      <Filter>Headerdateien</Filter>
    </ClInclude>
    <ClInclude Include="Serialize\PHPSessionSerializer.h">
      <Filter>Headerdateien\Serialize</Filter>
    </ClInclude>
    <ClInclude Include="Serialize\Vector.h">
      <Filter>Headerdateien\Serialize</Filter>
    </ClInclude>
    <ClInclude Include="Serialize\BsonSerializer.h">
      <Filter>Headerdateien\Serialize</Filter>
    </ClInclude>
    <ClInclude Include="BufferReader.h">
      <Filter>Headerdateien</Filter>
    </ClInclude>
    <ClInclude Include="Serialize\MinistoreSerializer.h">
      <Filter>Headerdateien\Serialize</Filter>
    </ClInclude>
    <ClInclude Include="external\json\allocator.h">
      <Filter>external\json</Filter>
    </ClInclude>
    <ClInclude Include="external\json\assertions.h">
      <Filter>external\json</Filter>
    </ClInclude>
    <ClInclude Include="external\json\autolink.h">
      <Filter>external\json</Filter>
    </ClInclude>
    <ClInclude Include="external\json\config.h">
      <Filter>external\json</Filter>
    </ClInclude>
    <ClInclude Include="external\json\features.h">
      <Filter>external\json</Filter>
    </ClInclude>
    <ClInclude Include="external\json\forwards.h">
      <Filter>external\json</Filter>
    </ClInclude>
    <ClInclude Include="external\json\json.h">
      <Filter>external\json</Filter>
    </ClInclude>
    <ClInclude Include="external\json\json_tool.h">
      <Filter>external\json</Filter>
    </ClInclude>
    <ClInclude Include="external\json\reader.h">
      <Filter>external\json</Filter>
    </ClInclude>
    <ClInclude Include="external\json\value.h">
      <Filter>external\json</Filter>
    </ClInclude>
    <ClInclude Include="external\json\version.h">
      <Filter>external\json</Filter>
    </ClInclude>
    <ClInclude Include="external\json\writer.h">
      <Filter>external\json</Filter>
    </ClInclude>
    <ClInclude Include="external\sqlite3\sqlite3.h">
      <Filter>external\sqlite3</Filter>
    </ClInclude>
    <ClInclude Include="external\lua\lapi.h">
      <Filter>external\lua</Filter>
    </ClInclude>
    <ClInclude Include="external\lua\lauxlib.h">
      <Filter>external\lua</Filter>
    </ClInclude>
    <ClInclude Include="external\lua\lcode.h">
      <Filter>external\lua</Filter>
    </ClInclude>
    <ClInclude Include="external\lua\lctype.h">
      <Filter>external\lua</Filter>
    </ClInclude>
    <ClInclude Include="external\lua\ldebug.h">
      <Filter>external\lua</Filter>
    </ClInclude>
    <ClInclude Include="external\lua\ldo.h">
      <Filter>external\lua</Filter>
    </ClInclude>
    <ClInclude Include="external\lua\lfunc.h">
      <Filter>external\lua</Filter>
    </ClInclude>
    <ClInclude Include="external\lua\lgc.h">
      <Filter>external\lua</Filter>
    </ClInclude>
    <ClInclude Include="external\lua\llex.h">
      <Filter>external\lua</Filter>
    </ClInclude>
    <ClInclude Include="external\lua\llimits.h">
      <Filter>external\lua</Filter>
    </ClInclude>
    <ClInclude Include="external\lua\lmem.h">
      <Filter>external\lua</Filter>
    </ClInclude>
    <ClInclude Include="external\lua\lobject.h">
      <Filter>external\lua</Filter>
    </ClInclude>
    <ClInclude Include="external\lua\lopcodes.h">
      <Filter>external\lua</Filter>
    </ClInclude>
    <ClInclude Include="external\lua\lparser.h">
      <Filter>external\lua</Filter>
    </ClInclude>
    <ClInclude Include="external\lua\lprefix.h">
      <Filter>external\lua</Filter>
    </ClInclude>
    <ClInclude Include="external\lua\lstate.h">
      <Filter>external\lua</Filter>
    </ClInclude>
    <ClInclude Include="external\lua\lstring.h">
      <Filter>external\lua</Filter>
    </ClInclude>
    <ClInclude Include="external\lua\ltable.h">
      <Filter>external\lua</Filter>
    </ClInclude>
    <ClInclude Include="external\lua\ltm.h">
      <Filter>external\lua</Filter>
    </ClInclude>
    <ClInclude Include="external\lua\lua.h">
      <Filter>external\lua</Filter>
    </ClInclude>
    <ClInclude Include="external\lua\lua.hpp">
      <Filter>external\lua</Filter>
    </ClInclude>
    <ClInclude Include="external\lua\luaconf.h">
      <Filter>external\lua</Filter>
    </ClInclude>
    <ClInclude Include="external\lua\lualib.h">
      <Filter>external\lua</Filter>
    </ClInclude>
    <ClInclude Include="external\lua\lundump.h">
      <Filter>external\lua</Filter>
    </ClInclude>
    <ClInclude Include="external\lua\lvm.h">
      <Filter>external\lua</Filter>
    </ClInclude>
    <ClInclude Include="external\lua\lzio.h">
      <Filter>external\lua</Filter>
    </ClInclude>
    <ClInclude Include="Serialize\JsonSerializer.h">
      <Filter>Headerdateien\Serialize</Filter>
    </ClInclude>
    <ClInclude Include="Scripting\LuaState.h">
      <Filter>Headerdateien\Scripting</Filter>
    </ClInclude>
    <ClInclude Include="Scripting\LuaException.h">
      <Filter>Headerdateien\Scripting</Filter>
    </ClInclude>
    <ClInclude Include="Plugin\Plugin.h">
      <Filter>Headerdateien\Plugin</Filter>
    </ClInclude>
    <ClInclude Include="Plugin\IPluginCanUnload.h">
      <Filter>Headerdateien\Plugin</Filter>
    </ClInclude>
    <ClInclude Include="VFS\Path.h">
      <Filter>Headerdateien\VFS</Filter>
    </ClInclude>
    <ClInclude Include="VFS\Stream.h">
      <Filter>Headerdateien\VFS</Filter>
    </ClInclude>
    <ClInclude Include="VFS\InputStream.h">
      <Filter>Headerdateien\VFS</Filter>
    </ClInclude>
    <ClInclude Include="VFS\OutputStream.h">
      <Filter>Headerdateien\VFS</Filter>
    </ClInclude>
    <ClInclude Include="VFS\InputOutputStream.h">
      <Filter>Headerdateien\VFS</Filter>
    </ClInclude>
    <ClInclude Include="VFS\StringReader.h">
      <Filter>Headerdateien\VFS</Filter>
    </ClInclude>
    <ClInclude Include="VFS\StringWriter.h">
      <Filter>Headerdateien\VFS</Filter>
    </ClInclude>
    <ClInclude Include="VFS\VFSProvider.h">
      <Filter>Headerdateien\VFS</Filter>
    </ClInclude>
    <ClInclude Include="VFS\VFS.h">
      <Filter>Headerdateien\VFS</Filter>
    </ClInclude>
    <ClInclude Include="VFS\VFSVFSProvider\VFSVFSProvider.h">
      <Filter>Headerdateien\VFS\VFSVFSProvider</Filter>
    </ClInclude>
    <ClInclude Include="VFS\OSVFSProvider\OSVFSStream.h">
      <Filter>Headerdateien\VFS\OSVFSProvider</Filter>
    </ClInclude>
    <ClInclude Include="VFS\OSVFSProvider\OSVFSInputStream.h">
      <Filter>Headerdateien\VFS\OSVFSProvider</Filter>
    </ClInclude>
    <ClInclude Include="VFS\OSVFSProvider\OSVFSOutputStream.h">
      <Filter>Headerdateien\VFS\OSVFSProvider</Filter>
    </ClInclude>
    <ClInclude Include="VFS\OSVFSProvider\OSVFSInputOutputStream.h">
      <Filter>Headerdateien\VFS\OSVFSProvider</Filter>
    </ClInclude>
    <ClInclude Include="VFS\OSVFSProvider\OSVFSProvider.h">
      <Filter>Headerdateien\VFS\OSVFSProvider</Filter>
    </ClInclude>
    <ClInclude Include="Logging\Severity.h">
      <Filter>Headerdateien\Logging</Filter>
    </ClInclude>
    <ClInclude Include="Logging\ILogger.h">
      <Filter>Headerdateien\Logging</Filter>
    </ClInclude>
    <ClInclude Include="Logging\AbstractLogger.h">
      <Filter>Headerdateien\Logging</Filter>
    </ClInclude>
    <ClInclude Include="Logging\NullLogger.h">
      <Filter>Headerdateien\Logging</Filter>
    </ClInclude>
    <ClInclude Include="Logging\ILoggerAware.h">
      <Filter>Headerdateien\Logging</Filter>
    </ClInclude>
    <ClInclude Include="Database\Database.h">
      <Filter>Headerdateien\Database</Filter>
    </ClInclude>
    <ClInclude Include="Database\DatabaseDriver.h">
      <Filter>Headerdateien\Database</Filter>
    </ClInclude>
    <ClInclude Include="Database\Statement.h">
      <Filter>Headerdateien\Database</Filter>
    </ClInclude>
    <ClInclude Include="Database\ResultSet.h">
      <Filter>Headerdateien\Database</Filter>
    </ClInclude>
    <ClInclude Include="Database\Sqlite3\Sqlite3DatabaseDriver.h">
      <Filter>Headerdateien\Database\Sqlite3</Filter>
    </ClInclude>
    <ClInclude Include="Database\Sqlite3\Sqlite3SharedData.h">
      <Filter>Headerdateien\Database\Sqlite3</Filter>
    </ClInclude>
    <ClInclude Include="Database\Sqlite3\Sqlite3Database.h">
      <Filter>Headerdateien\Database\Sqlite3</Filter>
    </ClInclude>
    <ClInclude Include="Database\DatabaseException.h">
      <Filter>Headerdateien\Database</Filter>
    </ClInclude>
    <ClInclude Include="Database\Sqlite3\Sqlite3Statement.h">
      <Filter>Headerdateien\Database\Sqlite3</Filter>
    </ClInclude>
    <ClInclude Include="Database\DatabaseDriverManager.h">
      <Filter>Headerdateien\Database</Filter>
    </ClInclude>
    <ClInclude Include="Hash\Hash.h">
      <Filter>Headerdateien\Hash</Filter>
    </ClInclude>
    <ClInclude Include="Hash\HashManager.h">
      <Filter>Headerdateien\Hash</Filter>
    </ClInclude>
    <ClInclude Include="AutoInit.h">
      <Filter>Headerdateien</Filter>
    </ClInclude>
    <ClInclude Include="Preprocessor.h">
      <Filter>Headerdateien</Filter>
    </ClInclude>
    <ClInclude Include="Hash\MD4.h">
      <Filter>Headerdateien\Hash</Filter>
    </ClInclude>
    <ClInclude Include="Hash\MD5.h">
      <Filter>Headerdateien\Hash</Filter>
    </ClInclude>
    <ClInclude Include="Hash\SHA1.h">
      <Filter>Headerdateien\Hash</Filter>
    </ClInclude>
    <ClInclude Include="Hash\SHA256.h">
      <Filter>Headerdateien\Hash</Filter>
    </ClInclude>
    <ClInclude Include="Hash\SHA512.h">
      <Filter>Headerdateien\Hash</Filter>
    </ClInclude>
    <ClInclude Include="Hash\SHA224.h">
      <Filter>Headerdateien\Hash</Filter>
    </ClInclude>
    <ClInclude Include="Hash\SHA384.h">
      <Filter>Headerdateien\Hash</Filter>
    </ClInclude>
    <ClInclude Include="AnyFunction.h">
      <Filter>Headerdateien</Filter>
    </ClInclude>
    <ClInclude Include="Plugin\DeinitArgs.h">
      <Filter>Headerdateien\Plugin</Filter>
    </ClInclude>
    <ClInclude Include="Plugin\Interface.h">
      <Filter>Headerdateien\Plugin</Filter>
    </ClInclude>
    <ClInclude Include="Plugin\Manager.h">
      <Filter>Headerdateien\Plugin</Filter>
    </ClInclude>
    <ClInclude Include="Plugin\BaseInterface.h">
      <Filter>Headerdateien\Plugin</Filter>
    </ClInclude>
    <ClInclude Include="Plugin\Base.h">
      <Filter>Headerdateien\Plugin</Filter>
    </ClInclude>
    <ClInclude Include="Plugin\InitArgs.h">
      <Filter>Headerdateien\Plugin</Filter>
    </ClInclude>
    <ClInclude Include="VFS\VFSProviderManager.h">
      <Filter>Headerdateien\VFS</Filter>
    </ClInclude>
    <ClInclude Include="Plugin\IPluginDatabaseProvider.h">
      <Filter>Headerdateien\Plugin</Filter>
    </ClInclude>
    <ClInclude Include="Net\URI.h">
      <Filter>Headerdateien\Net</Filter>
    </ClInclude>
    <ClInclude Include="Net\Curl.h">
      <Filter>Headerdateien\Net</Filter>
    </ClInclude>
    <ClInclude Include="VFS\BinaryReader.h">
      <Filter>Headerdateien\VFS</Filter>
    </ClInclude>
    <ClInclude Include="VFS\BinaryWriter.h">
      <Filter>Headerdateien\VFS</Filter>
    </ClInclude>
    <ClInclude Include="Hash\HMAC.h">
      <Filter>Headerdateien\Hash</Filter>
    </ClInclude>
    <ClInclude Include="HexEncoding.h">
      <Filter>Headerdateien</Filter>
    </ClInclude>
    <ClInclude Include="Hash\HOTP.h">
      <Filter>Headerdateien\Hash</Filter>
    </ClInclude>
    <ClInclude Include="Hash\TOTP.h">
      <Filter>Headerdateien\Hash</Filter>
    </ClInclude>
  </ItemGroup>
  <ItemGroup>
    <ClCompile Include="ValueConverter.cpp">
      <Filter>Quelldateien</Filter>
    </ClCompile>
    <ClCompile Include="ConvertException.cpp">
      <Filter>Quelldateien\ErrorHandling</Filter>
    </ClCompile>
    <ClCompile Include="RuntimeException.cpp">
      <Filter>Quelldateien\ErrorHandling</Filter>
    </ClCompile>
    <ClCompile Include="Backtrace.cpp">
      <Filter>Quelldateien\ErrorHandling</Filter>
    </ClCompile>
    <ClCompile Include="BasicException.cpp">
      <Filter>Quelldateien\ErrorHandling</Filter>
    </ClCompile>
    <ClCompile Include="AnyValue.cpp">
      <Filter>Quelldateien</Filter>
    </ClCompile>
    <ClCompile Include="Bundle.cpp">
      <Filter>Quelldateien</Filter>
    </ClCompile>
    <ClCompile Include="Base64.cpp">
      <Filter>Quelldateien</Filter>
    </ClCompile>
    <ClCompile Include="Base64URL.cpp">
      <Filter>Quelldateien</Filter>
    </ClCompile>
    <ClCompile Include="BundleFilter.cpp">
      <Filter>Quelldateien</Filter>
    </ClCompile>
    <ClCompile Include="DynLib.cpp">
      <Filter>Quelldateien</Filter>
    </ClCompile>
    <ClCompile Include="Serialize\PHPSessionSerializer.cpp">
      <Filter>Quelldateien\Serialize</Filter>
    </ClCompile>
    <ClCompile Include="Serialize\BsonSerializer.cpp">
      <Filter>Quelldateien\Serialize</Filter>
    </ClCompile>
    <ClCompile Include="Serialize\MinistoreSerializer.cpp">
      <Filter>Quelldateien\Serialize</Filter>
    </ClCompile>
    <ClCompile Include="external\json\json_reader.cpp">
      <Filter>external\json</Filter>
    </ClCompile>
    <ClCompile Include="external\json\json_value.cpp">
      <Filter>external\json</Filter>
    </ClCompile>
    <ClCompile Include="external\json\json_writer.cpp">
      <Filter>external\json</Filter>
    </ClCompile>
    <ClCompile Include="external\sqlite3\sqlite3.c">
      <Filter>external\sqlite3</Filter>
    </ClCompile>
    <ClCompile Include="external\lua\lapi.c">
      <Filter>external\lua</Filter>
    </ClCompile>
    <ClCompile Include="external\lua\lauxlib.c">
      <Filter>external\lua</Filter>
    </ClCompile>
    <ClCompile Include="external\lua\lbaselib.c">
      <Filter>external\lua</Filter>
    </ClCompile>
    <ClCompile Include="external\lua\lbitlib.c">
      <Filter>external\lua</Filter>
    </ClCompile>
    <ClCompile Include="external\lua\lcode.c">
      <Filter>external\lua</Filter>
    </ClCompile>
    <ClCompile Include="external\lua\lcorolib.c">
      <Filter>external\lua</Filter>
    </ClCompile>
    <ClCompile Include="external\lua\lctype.c">
      <Filter>external\lua</Filter>
    </ClCompile>
    <ClCompile Include="external\lua\ldblib.c">
      <Filter>external\lua</Filter>
    </ClCompile>
    <ClCompile Include="external\lua\ldebug.c">
      <Filter>external\lua</Filter>
    </ClCompile>
    <ClCompile Include="external\lua\ldo.c">
      <Filter>external\lua</Filter>
    </ClCompile>
    <ClCompile Include="external\lua\ldump.c">
      <Filter>external\lua</Filter>
    </ClCompile>
    <ClCompile Include="external\lua\lfunc.c">
      <Filter>external\lua</Filter>
    </ClCompile>
    <ClCompile Include="external\lua\lgc.c">
      <Filter>external\lua</Filter>
    </ClCompile>
    <ClCompile Include="external\lua\linit.c">
      <Filter>external\lua</Filter>
    </ClCompile>
    <ClCompile Include="external\lua\liolib.c">
      <Filter>external\lua</Filter>
    </ClCompile>
    <ClCompile Include="external\lua\llex.c">
      <Filter>external\lua</Filter>
    </ClCompile>
    <ClCompile Include="external\lua\lmathlib.c">
      <Filter>external\lua</Filter>
    </ClCompile>
    <ClCompile Include="external\lua\lmem.c">
      <Filter>external\lua</Filter>
    </ClCompile>
    <ClCompile Include="external\lua\loadlib.c">
      <Filter>external\lua</Filter>
    </ClCompile>
    <ClCompile Include="external\lua\lobject.c">
      <Filter>external\lua</Filter>
    </ClCompile>
    <ClCompile Include="external\lua\lopcodes.c">
      <Filter>external\lua</Filter>
    </ClCompile>
    <ClCompile Include="external\lua\loslib.c">
      <Filter>external\lua</Filter>
    </ClCompile>
    <ClCompile Include="external\lua\lparser.c">
      <Filter>external\lua</Filter>
    </ClCompile>
    <ClCompile Include="external\lua\lstate.c">
      <Filter>external\lua</Filter>
    </ClCompile>
    <ClCompile Include="external\lua\lstring.c">
      <Filter>external\lua</Filter>
    </ClCompile>
    <ClCompile Include="external\lua\lstrlib.c">
      <Filter>external\lua</Filter>
    </ClCompile>
    <ClCompile Include="external\lua\ltable.c">
      <Filter>external\lua</Filter>
    </ClCompile>
    <ClCompile Include="external\lua\ltablib.c">
      <Filter>external\lua</Filter>
    </ClCompile>
    <ClCompile Include="external\lua\ltm.c">
      <Filter>external\lua</Filter>
    </ClCompile>
    <ClCompile Include="external\lua\lua.c">
      <Filter>external\lua</Filter>
    </ClCompile>
    <ClCompile Include="external\lua\luac.c">
      <Filter>external\lua</Filter>
    </ClCompile>
    <ClCompile Include="external\lua\lundump.c">
      <Filter>external\lua</Filter>
    </ClCompile>
    <ClCompile Include="external\lua\lutf8lib.c">
      <Filter>external\lua</Filter>
    </ClCompile>
    <ClCompile Include="external\lua\lvm.c">
      <Filter>external\lua</Filter>
    </ClCompile>
    <ClCompile Include="external\lua\lzio.c">
      <Filter>external\lua</Filter>
    </ClCompile>
    <ClCompile Include="Serialize\JsonSerializer.cpp">
      <Filter>Quelldateien\Serialize</Filter>
    </ClCompile>
    <ClCompile Include="Scripting\LuaException.cpp">
      <Filter>Quelldateien\Scripting</Filter>
    </ClCompile>
    <ClCompile Include="Scripting\LuaState.cpp">
      <Filter>Quelldateien\Scripting</Filter>
    </ClCompile>
    <ClCompile Include="Plugin\Plugin.cpp">
      <Filter>Quelldateien\Plugin</Filter>
    </ClCompile>
    <ClCompile Include="VFS\Path.cpp">
      <Filter>Quelldateien\VFS</Filter>
    </ClCompile>
    <ClCompile Include="VFS\StringReader.cpp">
      <Filter>Quelldateien\VFS</Filter>
    </ClCompile>
    <ClCompile Include="VFS\StringWriter.cpp">
      <Filter>Quelldateien\VFS</Filter>
    </ClCompile>
    <ClCompile Include="VFS\VFS.cpp">
      <Filter>Quelldateien\VFS</Filter>
    </ClCompile>
    <ClCompile Include="VFS\VFSVFSProvider\VFSVFSProvider.cpp">
      <Filter>Quelldateien\VFS\VFSVFSProvider</Filter>
    </ClCompile>
    <ClCompile Include="VFS\OSVFSProvider\OSVFSStream.cpp">
      <Filter>Quelldateien\VFS\OSVFSProvider</Filter>
    </ClCompile>
    <ClCompile Include="VFS\OSVFSProvider\OSVFSInputStream.cpp">
      <Filter>Quelldateien\VFS\OSVFSProvider</Filter>
    </ClCompile>
    <ClCompile Include="VFS\OSVFSProvider\OSVFSOutputStream.cpp">
      <Filter>Quelldateien\VFS\OSVFSProvider</Filter>
    </ClCompile>
    <ClCompile Include="VFS\OSVFSProvider\OSVFSInputOutputStream.cpp">
      <Filter>Quelldateien\VFS\OSVFSProvider</Filter>
    </ClCompile>
    <ClCompile Include="VFS\OSVFSProvider\OSVFSProvider.cpp">
      <Filter>Quelldateien\VFS\OSVFSProvider</Filter>
    </ClCompile>
    <ClCompile Include="Logging\AbstractLogger.cpp">
      <Filter>Quelldateien\Logging</Filter>
    </ClCompile>
    <ClCompile Include="Logging\NullLogger.cpp">
      <Filter>Quelldateien\Logging</Filter>
    </ClCompile>
    <ClCompile Include="Database\ResultSet.cpp">
      <Filter>Quelldateien\Database</Filter>
    </ClCompile>
    <ClCompile Include="Database\Sqlite3\Sqlite3DatabaseDriver.cpp">
      <Filter>Quelldateien\Database\Sqlite3</Filter>
    </ClCompile>
    <ClCompile Include="Database\Sqlite3\Sqlite3SharedData.cpp">
      <Filter>Quelldateien\Database\Sqlite3</Filter>
    </ClCompile>
    <ClCompile Include="Database\Sqlite3\Sqlite3Database.cpp">
      <Filter>Quelldateien\Database\Sqlite3</Filter>
    </ClCompile>
    <ClCompile Include="Database\DatabaseException.cpp">
      <Filter>Quelldateien\Database</Filter>
    </ClCompile>
    <ClCompile Include="Database\Sqlite3\Sqlite3Statement.cpp">
      <Filter>Quelldateien\Database\Sqlite3</Filter>
    </ClCompile>
    <ClCompile Include="Database\DatabaseDriverManager.cpp">
      <Filter>Quelldateien\Database</Filter>
    </ClCompile>
    <ClCompile Include="Hash\HashManager.cpp">
      <Filter>Quelldateien\Hash</Filter>
    </ClCompile>
    <ClCompile Include="Hash\MD4.cpp">
      <Filter>Quelldateien\Hash</Filter>
    </ClCompile>
    <ClCompile Include="Hash\MD5.cpp">
      <Filter>Quelldateien\Hash</Filter>
    </ClCompile>
    <ClCompile Include="Hash\SHA256.cpp">
      <Filter>Quelldateien\Hash</Filter>
    </ClCompile>
    <ClCompile Include="Hash\SHA512.cpp">
      <Filter>Quelldateien\Hash</Filter>
    </ClCompile>
    <ClCompile Include="Hash\SHA1.cpp">
      <Filter>Quelldateien\Hash</Filter>
    </ClCompile>
    <ClCompile Include="Hash\SHA224.cpp">
      <Filter>Quelldateien\Hash</Filter>
    </ClCompile>
    <ClCompile Include="Hash\SHA384.cpp">
      <Filter>Quelldateien\Hash</Filter>
    </ClCompile>
    <ClCompile Include="AnyFunction.cpp">
      <Filter>Quelldateien</Filter>
    </ClCompile>
    <ClCompile Include="Plugin\DeinitArgs.cpp">
      <Filter>Quelldateien\Plugin</Filter>
    </ClCompile>
    <ClCompile Include="Plugin\Base.cpp">
      <Filter>Quelldateien\Plugin</Filter>
    </ClCompile>
    <ClCompile Include="Plugin\Manager.cpp">
      <Filter>Quelldateien\Plugin</Filter>
    </ClCompile>
    <ClCompile Include="Plugin\InitArgs.cpp">
      <Filter>Quelldateien\Plugin</Filter>
    </ClCompile>
    <ClCompile Include="VFS\VFSProviderManager.cpp">
      <Filter>Quelldateien\VFS</Filter>
    </ClCompile>
    <ClCompile Include="Net\URI.cpp">
      <Filter>Quelldateien\Net</Filter>
    </ClCompile>
    <ClCompile Include="Net\Curl.cpp">
      <Filter>Quelldateien\Net</Filter>
    </ClCompile>
    <ClCompile Include="VFS\BinaryReader.cpp">
      <Filter>Quelldateien</Filter>
    </ClCompile>
    <ClCompile Include="VFS\BinaryWriter.cpp">
      <Filter>Quelldateien</Filter>
    </ClCompile>
    <ClCompile Include="HexEncoding.cpp">
      <Filter>Quelldateien</Filter>
    </ClCompile>
    <ClCompile Include="Hash\HMAC.cpp">
      <Filter>Quelldateien\Hash</Filter>
    </ClCompile>
    <ClCompile Include="Hash\HOTP.cpp">
      <Filter>Quelldateien\Hash</Filter>
    </ClCompile>
    <ClCompile Include="Hash\TOTP.cpp">
      <Filter>Quelldateien\Hash</Filter>
    </ClCompile>
  </ItemGroup>
  <ItemGroup>
    <None Include="external\json\json_valueiterator.inl">
      <Filter>external\json</Filter>
    </None>
    <None Include="packages.config" />
    <None Include="curl-ca-bundle.crt" />
  </ItemGroup>
</Project>